// !$*UTF8*$!
{
	archiveVersion = 1;
	classes = {
	};
	objectVersion = 46;
	objects = {

/* Begin PBXBuildFile section */
		C95BB2711F75235900742D0A /* main.cpp in Sources */ = {isa = PBXBuildFile; fileRef = C95BB2701F75235900742D0A /* main.cpp */; };
		C95BB27A1F75251300742D0A /* Solution1331.cpp in Sources */ = {isa = PBXBuildFile; fileRef = C95BB2791F75251300742D0A /* Solution1331.cpp */; };
		C9D55A5F1F757E7500E3BC47 /* Solution1015.cpp in Sources */ = {isa = PBXBuildFile; fileRef = C9D55A5E1F757E7500E3BC47 /* Solution1015.cpp */; };
		C9D55A611F75811000E3BC47 /* Solutions.hpp in Sources */ = {isa = PBXBuildFile; fileRef = C9D55A601F75805500E3BC47 /* Solutions.hpp */; };
/* End PBXBuildFile section */

/* Begin PBXCopyFilesBuildPhase section */
		C95BB26B1F75235600742D0A /* CopyFiles */ = {
			isa = PBXCopyFilesBuildPhase;
			buildActionMask = 2147483647;
			dstPath = /usr/share/man/man1/;
			dstSubfolderSpec = 0;
			files = (
			);
			runOnlyForDeploymentPostprocessing = 1;
		};
/* End PBXCopyFilesBuildPhase section */

/* Begin PBXFileReference section */
		C95BB26D1F75235600742D0A /* HihocodeSolutions */ = {isa = PBXFileReference; explicitFileType = "compiled.mach-o.executable"; includeInIndex = 0; path = HihocodeSolutions; sourceTree = BUILT_PRODUCTS_DIR; };
		C95BB2701F75235900742D0A /* main.cpp */ = {isa = PBXFileReference; lastKnownFileType = sourcecode.cpp.cpp; path = main.cpp; sourceTree = "<group>"; };
		C95BB2791F75251300742D0A /* Solution1331.cpp */ = {isa = PBXFileReference; fileEncoding = 4; lastKnownFileType = sourcecode.cpp.cpp; path = Solution1331.cpp; sourceTree = "<group>"; };
		C9D55A5D1F755ED200E3BC47 /* data.txt */ = {isa = PBXFileReference; fileEncoding = 4; lastKnownFileType = text; path = data.txt; sourceTree = "<group>"; };
		C9D55A5E1F757E7500E3BC47 /* Solution1015.cpp */ = {isa = PBXFileReference; fileEncoding = 4; lastKnownFileType = sourcecode.cpp.cpp; path = Solution1015.cpp; sourceTree = "<group>"; };
		C9D55A601F75805500E3BC47 /* Solutions.hpp */ = {isa = PBXFileReference; fileEncoding = 4; lastKnownFileType = sourcecode.cpp.h; path = Solutions.hpp; sourceTree = "<group>"; };
/* End PBXFileReference section */

/* Begin PBXFrameworksBuildPhase section */
		C95BB26A1F75235600742D0A /* Frameworks */ = {
			isa = PBXFrameworksBuildPhase;
			buildActionMask = 2147483647;
			files = (
			);
			runOnlyForDeploymentPostprocessing = 0;
		};
/* End PBXFrameworksBuildPhase section */

/* Begin PBXGroup section */
		C95BB2641F75235600742D0A = {
			isa = PBXGroup;
			children = (
				C95BB26F1F75235600742D0A /* HihocodeSolutions */,
				C95BB26E1F75235600742D0A /* Products */,
			);
			sourceTree = "<group>";
		};
		C95BB26E1F75235600742D0A /* Products */ = {
			isa = PBXGroup;
			children = (
				C95BB26D1F75235600742D0A /* HihocodeSolutions */,
			);
			name = Products;
			sourceTree = "<group>";
		};
		C95BB26F1F75235600742D0A /* HihocodeSolutions */ = {
			isa = PBXGroup;
			children = (
				C9D55A601F75805500E3BC47 /* Solutions.hpp */,
				C95BB2701F75235900742D0A /* main.cpp */,
				C95BB2791F75251300742D0A /* Solution1331.cpp */,
				C9D55A5D1F755ED200E3BC47 /* data.txt */,
				C9D55A5E1F757E7500E3BC47 /* Solution1015.cpp */,
			);
			path = HihocodeSolutions;
			sourceTree = "<group>";
		};
/* End PBXGroup section */

/* Begin PBXNativeTarget section */
		C95BB26C1F75235600742D0A /* HihocodeSolutions */ = {
			isa = PBXNativeTarget;
			buildConfigurationList = C95BB2741F75235900742D0A /* Build configuration list for PBXNativeTarget "HihocodeSolutions" */;
			buildPhases = (
				C95BB2691F75235600742D0A /* Sources */,
				C95BB26A1F75235600742D0A /* Frameworks */,
				C95BB26B1F75235600742D0A /* CopyFiles */,
			);
			buildRules = (
			);
			dependencies = (
			);
			name = HihocodeSolutions;
			productName = HihocodeSolutions;
			productReference = C95BB26D1F75235600742D0A /* HihocodeSolutions */;
			productType = "com.apple.product-type.tool";
		};
/* End PBXNativeTarget section */

/* Begin PBXProject section */
		C95BB2651F75235600742D0A /* Project object */ = {
			isa = PBXProject;
			attributes = {
				LastUpgradeCheck = 0830;
				ORGANIZATIONNAME = "Jonathan闫";
				TargetAttributes = {
					C95BB26C1F75235600742D0A = {
						CreatedOnToolsVersion = 8.3.3;
						ProvisioningStyle = Automatic;
					};
				};
			};
			buildConfigurationList = C95BB2681F75235600742D0A /* Build configuration list for PBXProject "HihocodeSolutions" */;
			compatibilityVersion = "Xcode 3.2";
			developmentRegion = English;
			hasScannedForEncodings = 0;
			knownRegions = (
				en,
			);
			mainGroup = C95BB2641F75235600742D0A;
			productRefGroup = C95BB26E1F75235600742D0A /* Products */;
			projectDirPath = "";
			projectRoot = "";
			targets = (
				C95BB26C1F75235600742D0A /* HihocodeSolutions */,
			);
		};
/* End PBXProject section */

/* Begin PBXSourcesBuildPhase section */
		C95BB2691F75235600742D0A /* Sources */ = {
			isa = PBXSourcesBuildPhase;
			buildActionMask = 2147483647;
			files = (
				C9D55A611F75811000E3BC47 /* Solutions.hpp in Sources */,
				C95BB27A1F75251300742D0A /* Solution1331.cpp in Sources */,
				C95BB2711F75235900742D0A /* main.cpp in Sources */,
				C9D55A5F1F757E7500E3BC47 /* Solution1015.cpp in Sources */,
			);
			runOnlyForDeploymentPostprocessing = 0;
		};
/* End PBXSourcesBuildPhase section */

/* Begin XCBuildConfiguration section */
		C95BB2721F75235900742D0A /* Debug */ = {
			isa = XCBuildConfiguration;
			buildSettings = {
				ALWAYS_SEARCH_USER_PATHS = NO;
				CLANG_ANALYZER_NONNULL = YES;
				CLANG_ANALYZER_NUMBER_OBJECT_CONVERSION = YES_AGGRESSIVE;
				CLANG_CXX_LANGUAGE_STANDARD = "gnu++0x";
				CLANG_CXX_LIBRARY = "libc++";
				CLANG_ENABLE_MODULES = YES;
				CLANG_ENABLE_OBJC_ARC = YES;
				CLANG_WARN_BOOL_CONVERSION = YES;
				CLANG_WARN_CONSTANT_CONVERSION = YES;
				CLANG_WARN_DIRECT_OBJC_ISA_USAGE = YES_ERROR;
				CLANG_WARN_DOCUMENTATION_COMMENTS = YES;
				CLANG_WARN_EMPTY_BODY = YES;
				CLANG_WARN_ENUM_CONVERSION = YES;
				CLANG_WARN_INFINITE_RECURSION = YES;
				CLANG_WARN_INT_CONVERSION = YES;
				CLANG_WARN_OBJC_ROOT_CLASS = YES_ERROR;
				CLANG_WARN_SUSPICIOUS_MOVE = YES;
				CLANG_WARN_UNREACHABLE_CODE = YES;
				CLANG_WARN__DUPLICATE_METHOD_MATCH = YES;
				CODE_SIGN_IDENTITY = "-";
				COPY_PHASE_STRIP = NO;
				DEBUG_INFORMATION_FORMAT = dwarf;
				ENABLE_STRICT_OBJC_MSGSEND = YES;
				ENABLE_TESTABILITY = YES;
				GCC_C_LANGUAGE_STANDARD = gnu99;
				GCC_DYNAMIC_NO_PIC = NO;
				GCC_NO_COMMON_BLOCKS = YES;
				GCC_OPTIMIZATION_LEVEL = 0;
				GCC_PREPROCESSOR_DEFINITIONS = (
					"DEBUG=1",
					"$(inherited)",
				);
				GCC_WARN_64_TO_32_BIT_CONVERSION = YES;
				GCC_WARN_ABOUT_RETURN_TYPE = YES_ERROR;
				GCC_WARN_UNDECLARED_SELECTOR = YES;
				GCC_WARN_UNINITIALIZED_AUTOS = YES_AGGRESSIVE;
				GCC_WARN_UNUSED_FUNCTION = YES;
				GCC_WARN_UNUSED_VARIABLE = YES;
				MACOSX_DEPLOYMENT_TARGET = 10.12;
				MTL_ENABLE_DEBUG_INFO = YES;
				ONLY_ACTIVE_ARCH = YES;
				SDKROOT = macosx;
			};
			name = Debug;
		};
		C95BB2731F75235900742D0A /* Release */ = {
			isa = XCBuildConfiguration;
			buildSettings = {
				ALWAYS_SEARCH_USER_PATHS = NO;
				CLANG_ANALYZER_NONNULL = YES;
				CLANG_ANALYZER_NUMBER_OBJECT_CONVERSION = YES_AGGRESSIVE;
				CLANG_CXX_LANGUAGE_STANDARD = "gnu++0x";
				CLANG_CXX_LIBRARY = "libc++";
				CLANG_ENABLE_MODULES = YES;
				CLANG_ENABLE_OBJC_ARC = YES;
				CLANG_WARN_BOOL_CONVERSION = YES;
				CLANG_WARN_CONSTANT_CONVERSION = YES;
				CLANG_WARN_DIRECT_OBJC_ISA_USAGE = YES_ERROR;
				CLANG_WARN_DOCUMENTATION_COMMENTS = YES;
				CLANG_WARN_EMPTY_BODY = YES;
				CLANG_WARN_ENUM_CONVERSION = YES;
				CLANG_WARN_INFINITE_RECURSION = YES;
				CLANG_WARN_INT_CONVERSION = YES;
				CLANG_WARN_OBJC_ROOT_CLASS = YES_ERROR;
				CLANG_WARN_SUSPICIOUS_MOVE = YES;
				CLANG_WARN_UNREACHABLE_CODE = YES;
				CLANG_WARN__DUPLICATE_METHOD_MATCH = YES;
				CODE_SIGN_IDENTITY = "-";
				COPY_PHASE_STRIP = NO;
				DEBUG_INFORMATION_FORMAT = "dwarf-with-dsym";
				ENABLE_NS_ASSERTIONS = NO;
				ENABLE_STRICT_OBJC_MSGSEND = YES;
				GCC_C_LANGUAGE_STANDARD = gnu99;
				GCC_NO_COMMON_BLOCKS = YES;
				GCC_WARN_64_TO_32_BIT_CONVERSION = YES;
				GCC_WARN_ABOUT_RETURN_TYPE = YES_ERROR;
				GCC_WARN_UNDECLARED_SELECTOR = YES;
				GCC_WARN_UNINITIALIZED_AUTOS = YES_AGGRESSIVE;
				GCC_WARN_UNUSED_FUNCTION = YES;
				GCC_WARN_UNUSED_VARIABLE = YES;
				MACOSX_DEPLOYMENT_TARGET = 10.12;
				MTL_ENABLE_DEBUG_INFO = NO;
				SDKROOT = macosx;
			};
			name = Release;
		};
		C95BB2751F75235900742D0A /* Debug */ = {
			isa = XCBuildConfiguration;
			buildSettings = {
				PRODUCT_NAME = "$(TARGET_NAME)";
			};
			name = Debug;
		};
		C95BB2761F75235900742D0A /* Release */ = {
			isa = XCBuildConfiguration;
			buildSettings = {
				PRODUCT_NAME = "$(TARGET_NAME)";
			};
			name = Release;
		};
/* End XCBuildConfiguration section */

/* Begin XCConfigurationList section */
		C95BB2681F75235600742D0A /* Build configuration list for PBXProject "HihocodeSolutions" */ = {
			isa = XCConfigurationList;
			buildConfigurations = (
				C95BB2721F75235900742D0A /* Debug */,
				C95BB2731F75235900742D0A /* Release */,
			);
			defaultConfigurationIsVisible = 0;
			defaultConfigurationName = Release;
		};
		C95BB2741F75235900742D0A /* Build configuration list for PBXNativeTarget "HihocodeSolutions" */ = {
			isa = XCConfigurationList;
			buildConfigurations = (
				C95BB2751F75235900742D0A /* Debug */,
				C95BB2761F75235900742D0A /* Release */,
			);
			defaultConfigurationIsVisible = 0;
			defaultConfigurationName = Release;
		};
/* End XCConfigurationList section */
	};
	rootObject = C95BB2651F75235600742D0A /* Project object */;
}
